
Microsoft Visual Studio Solution File, Format Version 12.00
# Visual Studio 2012
Project("{FAE04EC0-301F-11D3-BF4B-00C04F79EFBC}") = "Domain", "Domain\Domain.csproj", "{8FB9D404-FE6A-4811-9550-6CD3726F4119}"
EndProject
Project("{FAE04EC0-301F-11D3-BF4B-00C04F79EFBC}") = "ConsoleClient", "ConsoleClient\ConsoleClient.csproj", "{B28B5AC6-F357-415D-88D1-5BB3F0BBFD93}"
EndProject
Project("{2150E333-8FDC-42A3-9474-1A3956D46DE8}") = ".nuget", ".nuget", "{43583E7E-9475-455B-AB7F-2905084A86B1}"
	ProjectSection(SolutionItems) = preProject
		.nuget\NuGet.Config = .nuget\NuGet.Config
		.nuget\NuGet.exe = .nuget\NuGet.exe
		.nuget\NuGet.targets = .nuget\NuGet.targets
	EndProjectSection
EndProject
Project("{FAE04EC0-301F-11D3-BF4B-00C04F79EFBC}") = "ApplicationTests", "Tests\ApplicationTests\ApplicationTests.csproj", "{4621E752-F043-4B1F-9973-4867F5247C70}"
EndProject
Project("{FAE04EC0-301F-11D3-BF4B-00C04F79EFBC}") = "Application", "Application\Application.csproj", "{F5A2C2A1-F3D9-472F-84E7-7C1080607E09}"
EndProject
Project("{FAE04EC0-301F-11D3-BF4B-00C04F79EFBC}") = "Infrastructure", "Infrastructure\Infrastructure.csproj", "{C87DF3E0-D09B-4BF1-8B98-01252A2F8B23}"
EndProject
Project("{2150E333-8FDC-42A3-9474-1A3956D46DE8}") = "Tests", "Tests", "{070286F7-E32C-49A6-8450-7C42162B74C5}"
EndProject
Project("{FAE04EC0-301F-11D3-BF4B-00C04F79EFBC}") = "DomainTests", "Tests\DomainTests\DomainTests.csproj", "{DBF88E0E-E772-46FA-B988-5E5A1D466011}"
EndProject
Project("{FAE04EC0-301F-11D3-BF4B-00C04F79EFBC}") = "DB", "DB\DB.csproj", "{50C0D47B-33DD-4CAF-A2C1-445A945F36B9}"
EndProject
Project("{2150E333-8FDC-42A3-9474-1A3956D46DE8}") = "Server", "Server", "{21826B10-D33E-4EFB-9CD8-C08403AC63A1}"
EndProject
Project("{2150E333-8FDC-42A3-9474-1A3956D46DE8}") = "Client", "Client", "{3BF467E0-08B9-47AC-AF45-5BACB42C568E}"
EndProject
Global
	GlobalSection(SolutionConfigurationPlatforms) = preSolution
		Debug|Any CPU = Debug|Any CPU
		Release|Any CPU = Release|Any CPU
	EndGlobalSection
	GlobalSection(ProjectConfigurationPlatforms) = postSolution
		{8FB9D404-FE6A-4811-9550-6CD3726F4119}.Debug|Any CPU.ActiveCfg = Debug|Any CPU
		{8FB9D404-FE6A-4811-9550-6CD3726F4119}.Debug|Any CPU.Build.0 = Debug|Any CPU
		{8FB9D404-FE6A-4811-9550-6CD3726F4119}.Release|Any CPU.ActiveCfg = Release|Any CPU
		{8FB9D404-FE6A-4811-9550-6CD3726F4119}.Release|Any CPU.Build.0 = Release|Any CPU
		{B28B5AC6-F357-415D-88D1-5BB3F0BBFD93}.Debug|Any CPU.ActiveCfg = Debug|Any CPU
		{B28B5AC6-F357-415D-88D1-5BB3F0BBFD93}.Debug|Any CPU.Build.0 = Debug|Any CPU
		{B28B5AC6-F357-415D-88D1-5BB3F0BBFD93}.Release|Any CPU.ActiveCfg = Release|Any CPU
		{B28B5AC6-F357-415D-88D1-5BB3F0BBFD93}.Release|Any CPU.Build.0 = Release|Any CPU
		{4621E752-F043-4B1F-9973-4867F5247C70}.Debug|Any CPU.ActiveCfg = Debug|Any CPU
		{4621E752-F043-4B1F-9973-4867F5247C70}.Debug|Any CPU.Build.0 = Debug|Any CPU
		{4621E752-F043-4B1F-9973-4867F5247C70}.Release|Any CPU.ActiveCfg = Release|Any CPU
		{4621E752-F043-4B1F-9973-4867F5247C70}.Release|Any CPU.Build.0 = Release|Any CPU
		{F5A2C2A1-F3D9-472F-84E7-7C1080607E09}.Debug|Any CPU.ActiveCfg = Debug|Any CPU
		{F5A2C2A1-F3D9-472F-84E7-7C1080607E09}.Debug|Any CPU.Build.0 = Debug|Any CPU
		{F5A2C2A1-F3D9-472F-84E7-7C1080607E09}.Release|Any CPU.ActiveCfg = Release|Any CPU
		{F5A2C2A1-F3D9-472F-84E7-7C1080607E09}.Release|Any CPU.Build.0 = Release|Any CPU
		{C87DF3E0-D09B-4BF1-8B98-01252A2F8B23}.Debug|Any CPU.ActiveCfg = Debug|Any CPU
		{C87DF3E0-D09B-4BF1-8B98-01252A2F8B23}.Debug|Any CPU.Build.0 = Debug|Any CPU
		{C87DF3E0-D09B-4BF1-8B98-01252A2F8B23}.Release|Any CPU.ActiveCfg = Release|Any CPU
		{C87DF3E0-D09B-4BF1-8B98-01252A2F8B23}.Release|Any CPU.Build.0 = Release|Any CPU
		{DBF88E0E-E772-46FA-B988-5E5A1D466011}.Debug|Any CPU.ActiveCfg = Debug|Any CPU
		{DBF88E0E-E772-46FA-B988-5E5A1D466011}.Debug|Any CPU.Build.0 = Debug|Any CPU
		{DBF88E0E-E772-46FA-B988-5E5A1D466011}.Release|Any CPU.ActiveCfg = Release|Any CPU
		{DBF88E0E-E772-46FA-B988-5E5A1D466011}.Release|Any CPU.Build.0 = Release|Any CPU
		{50C0D47B-33DD-4CAF-A2C1-445A945F36B9}.Debug|Any CPU.ActiveCfg = Debug|Any CPU
		{50C0D47B-33DD-4CAF-A2C1-445A945F36B9}.Debug|Any CPU.Build.0 = Debug|Any CPU
		{50C0D47B-33DD-4CAF-A2C1-445A945F36B9}.Release|Any CPU.ActiveCfg = Release|Any CPU
		{50C0D47B-33DD-4CAF-A2C1-445A945F36B9}.Release|Any CPU.Build.0 = Release|Any CPU
	EndGlobalSection
	GlobalSection(SolutionProperties) = preSolution
		HideSolutionNode = FALSE
	EndGlobalSection
	GlobalSection(NestedProjects) = preSolution
		{4621E752-F043-4B1F-9973-4867F5247C70} = {070286F7-E32C-49A6-8450-7C42162B74C5}
		{DBF88E0E-E772-46FA-B988-5E5A1D466011} = {070286F7-E32C-49A6-8450-7C42162B74C5}
		{F5A2C2A1-F3D9-472F-84E7-7C1080607E09} = {21826B10-D33E-4EFB-9CD8-C08403AC63A1}
		{8FB9D404-FE6A-4811-9550-6CD3726F4119} = {21826B10-D33E-4EFB-9CD8-C08403AC63A1}
		{C87DF3E0-D09B-4BF1-8B98-01252A2F8B23} = {21826B10-D33E-4EFB-9CD8-C08403AC63A1}
		{B28B5AC6-F357-415D-88D1-5BB3F0BBFD93} = {3BF467E0-08B9-47AC-AF45-5BACB42C568E}
	EndGlobalSection
EndGlobal
